
Microsoft Visual Studio Solution File, Format Version 12.00
Project("{FAE04EC0-301F-11D3-BF4B-00C04F79EFBC}") = "MarsRover", "MarsRover\MarsRover.csproj", "{ECC769E6-9262-4AE6-A6B4-A44FDE29B779}"
EndProject
Global
	GlobalSection(SolutionConfigurationPlatforms) = preSolution
		Debug|Any CPU = Debug|Any CPU
		Release|Any CPU = Release|Any CPU
	EndGlobalSection
	GlobalSection(ProjectConfigurationPlatforms) = postSolution
		{ECC769E6-9262-4AE6-A6B4-A44FDE29B779}.Debug|Any CPU.ActiveCfg = Debug|Any CPU
		{ECC769E6-9262-4AE6-A6B4-A44FDE29B779}.Debug|Any CPU.Build.0 = Debug|Any CPU
		{ECC769E6-9262-4AE6-A6B4-A44FDE29B779}.Release|Any CPU.ActiveCfg = Release|Any CPU
		{ECC769E6-9262-4AE6-A6B4-A44FDE29B779}.Release|Any CPU.Build.0 = Release|Any CPU
	EndGlobalSection
EndGlobal
